{
  "pins" : [
    {
      "identity" : "inject",
      "kind" : "remoteSourceControl",
      "location" : "https://github.com/krzysztofzablocki/Inject.git",
      "state" : {
        "revision" : "2057eb9819813b89fd2107e99608d2d20890d9c5",
        "version" : "1.2.4"
      }
    },
    {
      "identity" : "ios-sdk",
      "kind" : "remoteSourceControl",
      "location" : "https://github.com/glassfy/ios-sdk",
      "state" : {
        "revision" : "fff920920656555fbd40137a2a9397edb46f96f1",
        "version" : "1.4.0"
      }
    },
    {
      "identity" : "onpasteboardchange",
      "kind" : "remoteSourceControl",
      "location" : "https://github.com/kyle-n/OnPasteboardChange",
      "state" : {
        "branch" : "main",
        "revision" : "56da3a9f6be340698f4516b25dda09cff952214a"
      }
    },
    {
      "identity" : "ppanglepicker",
      "kind" : "remoteSourceControl",
      "location" : "https://github.com/stoobit/PPAnglePicker",
      "state" : {
        "revision" : "f72c542ef11ac7fac4dc7adfc724ff49d1db757d",
        "version" : "1.3.0"
      }
    },
    {
      "identity" : "ppdoublekeyboard",
      "kind" : "remoteSourceControl",
      "location" : "https://github.com/stoobit/PPDoubleKeyboard",
      "state" : {
        "branch" : "main",
        "revision" : "3bb148a6b54d22828a641e1e863756b44512cfa4"
      }
    },
    {
      "identity" : "ppintegrationkit",
      "kind" : "localSourceControl",
      "location" : "/Users/till/Documents/PPIntegrationKit",
      "state" : {
        "branch" : "main",
        "revision" : "2951ae82ee4ec94be674b97cd1cf2be4f57bc477"
      }
    },
    {
      "identity" : "richtextkit",
      "kind" : "remoteSourceControl",
      "location" : "https://github.com/danielsaidi/RichTextKit",
      "state" : {
        "revision" : "71b4d2c9bbc83b920ef5d4be262496e066fce5c8",
        "version" : "0.9.1"
      }
    },
    {
      "identity" : "swiftymarkdown",
      "kind" : "remoteSourceControl",
      "location" : "https://github.com/simonfairbairn/SwiftyMarkdown.git",
      "state" : {
        "revision" : "dde451ab4ed9b77b328e21baa471fdfa0cf61369",
        "version" : "1.2.4"
      }
    }
  ],
  "version" : 2
}
