{
  "pins" : [
    {
      "identity" : "onpasteboardchange",
      "kind" : "remoteSourceControl",
      "location" : "https://github.com/kyle-n/OnPasteboardChange",
      "state" : {
        "branch" : "main",
        "revision" : "56da3a9f6be340698f4516b25dda09cff952214a"
      }
    },
    {
      "identity" : "ppanglepicker",
      "kind" : "remoteSourceControl",
      "location" : "https://github.com/stoobit/PPAnglePicker",
      "state" : {
        "revision" : "fa6c6662610e801995f7097dd5acff0d2b81b50a",
        "version" : "1.4.0"
      }
    },
    {
      "identity" : "ppdoublekeyboard",
      "kind" : "remoteSourceControl",
      "location" : "https://github.com/stoobit/PPDoubleKeyboard",
      "state" : {
        "branch" : "main",
        "revision" : "3bb148a6b54d22828a641e1e863756b44512cfa4"
      }
    },
    {
      "identity" : "ppintegrationkit",
      "kind" : "localSourceControl",
      "location" : "/Users/till/Documents/PPIntegrationKit",
      "state" : {
        "branch" : "main",
        "revision" : "e2ab1e289d21e594f826c42459fc1286ce9ce6eb"
      }
    },
    {
      "identity" : "richtextkit",
      "kind" : "remoteSourceControl",
      "location" : "https://github.com/danielsaidi/RichTextKit",
      "state" : {
        "revision" : "7b3eda6135365abb0933a1c554badd8b24d95c01",
        "version" : "0.9.4"
      }
    },
    {
      "identity" : "swiftymarkdown",
      "kind" : "remoteSourceControl",
      "location" : "https://github.com/simonfairbairn/SwiftyMarkdown.git",
      "state" : {
        "revision" : "dde451ab4ed9b77b328e21baa471fdfa0cf61369",
        "version" : "1.2.4"
      }
    }
  ],
  "version" : 2
}
