{
  "pins" : [
    {
      "identity" : "networkimage",
      "kind" : "remoteSourceControl",
      "location" : "https://github.com/gonzalezreal/NetworkImage",
      "state" : {
        "revision" : "7aff8d1b31148d32c5933d75557d42f6323ee3d1",
        "version" : "6.0.0"
      }
    },
    {
      "identity" : "onpasteboardchange",
      "kind" : "remoteSourceControl",
      "location" : "https://github.com/kyle-n/OnPasteboardChange",
      "state" : {
        "branch" : "main",
        "revision" : "56da3a9f6be340698f4516b25dda09cff952214a"
      }
    },
    {
      "identity" : "ppanglepicker",
      "kind" : "remoteSourceControl",
      "location" : "https://github.com/stoobit/PPAnglePicker",
      "state" : {
        "revision" : "fa6c6662610e801995f7097dd5acff0d2b81b50a",
        "version" : "1.4.0"
      }
    },
    {
      "identity" : "ppdoublekeyboard",
      "kind" : "remoteSourceControl",
      "location" : "https://github.com/stoobit/PPDoubleKeyboard",
      "state" : {
        "branch" : "main",
        "revision" : "e17990f18b63c2a4eee0dd1264bca6fa45cbef13"
      }
    },
    {
      "identity" : "ppintegrationkit",
      "kind" : "localSourceControl",
      "location" : "/Users/till/Documents/PPIntegrationKit",
      "state" : {
        "branch" : "main",
        "revision" : "e2ab1e289d21e594f826c42459fc1286ce9ce6eb"
      }
    },
    {
      "identity" : "splash",
      "kind" : "remoteSourceControl",
      "location" : "https://github.com/JohnSundell/Splash",
      "state" : {
        "revision" : "7f4df436eb78fe64fe2c32c58006e9949fa28ad8",
        "version" : "0.16.0"
      }
    },
    {
      "identity" : "swift-markdown-ui",
      "kind" : "remoteSourceControl",
      "location" : "https://github.com/gonzalezreal/swift-markdown-ui",
      "state" : {
        "revision" : "5df8a4adedd6ae4eb2455ef60ff75183984daeb8",
        "version" : "2.2.0"
      }
    }
  ],
  "version" : 2
}
