// !$*UTF8*$!
{
	archiveVersion = 1;
	classes = {
	};
	objectVersion = 70;
	objects = {

/* Begin PBXBuildFile section */
		BB06A2EB2BEBAD65007B118A /* RichTextKit in Frameworks */ = {isa = PBXBuildFile; productRef = BB06A2EA2BEBAD65007B118A /* RichTextKit */; };
		BB4055B82E79778100450C43 /* Analytics in Frameworks */ = {isa = PBXBuildFile; productRef = BB4055B72E79778100450C43 /* Analytics */; };
		BB4984082BC32BC8008D45B0 /* Metal.framework in Frameworks */ = {isa = PBXBuildFile; fileRef = BB4984072BC32BC8008D45B0 /* Metal.framework */; };
		BB49840A2BC32BCD008D45B0 /* Accelerate.framework in Frameworks */ = {isa = PBXBuildFile; fileRef = BB4984092BC32BCD008D45B0 /* Accelerate.framework */; };
		BB9C63B62B5AFE2A0022AC4F /* README.md in Resources */ = {isa = PBXBuildFile; fileRef = BB9C63B52B5AFE290022AC4F /* README.md */; };
		BBAA6FA42F4B4EC7005FE982 /* View in Frameworks */ = {isa = PBXBuildFile; productRef = BBAA6FA32F4B4EC7005FE982 /* View */; };
		BBAA6FA72F4B5754005FE982 /* Codable in Frameworks */ = {isa = PBXBuildFile; productRef = BBAA6FA62F4B5754005FE982 /* Codable */; };
		BBB3CCA52BEADCB000BDB558 /* SwiftyMarkdown in Frameworks */ = {isa = PBXBuildFile; productRef = BBB3CCA42BEADCB000BDB558 /* SwiftyMarkdown */; };
		BBB569172CFB0C1400B23479 /* MessageKit in Frameworks */ = {isa = PBXBuildFile; productRef = BBB569162CFB0C1400B23479 /* MessageKit */; };
		BBC4BE952AED8F0A00D87B60 /* StoreKit.framework in Frameworks */ = {isa = PBXBuildFile; fileRef = BBC4BE892AED7BBE00D87B60 /* StoreKit.framework */; };
/* End PBXBuildFile section */

/* Begin PBXCopyFilesBuildPhase section */
		BB5A232C2B476DA000F1D1B6 /* Embed App Clips */ = {
			isa = PBXCopyFilesBuildPhase;
			buildActionMask = 2147483647;
			dstPath = "$(CONTENTS_FOLDER_PATH)/AppClips";
			dstSubfolderSpec = 16;
			files = (
			);
			name = "Embed App Clips";
			runOnlyForDeploymentPostprocessing = 0;
		};
		BB9D74012A56256E0054940A /* Embed Foundation Extensions */ = {
			isa = PBXCopyFilesBuildPhase;
			buildActionMask = 2147483647;
			dstPath = "";
			dstSubfolderSpec = 13;
			files = (
			);
			name = "Embed Foundation Extensions";
			runOnlyForDeploymentPostprocessing = 0;
		};
/* End PBXCopyFilesBuildPhase section */

/* Begin PBXFileReference section */
		BB4984072BC32BC8008D45B0 /* Metal.framework */ = {isa = PBXFileReference; lastKnownFileType = wrapper.framework; name = Metal.framework; path = System/Library/Frameworks/Metal.framework; sourceTree = SDKROOT; };
		BB4984092BC32BCD008D45B0 /* Accelerate.framework */ = {isa = PBXFileReference; lastKnownFileType = wrapper.framework; name = Accelerate.framework; path = System/Library/Frameworks/Accelerate.framework; sourceTree = SDKROOT; };
		BB4CDD3D28D3C668009A409F /* Productivity Pro.app */ = {isa = PBXFileReference; explicitFileType = wrapper.application; includeInIndex = 0; path = "Productivity Pro.app"; sourceTree = BUILT_PRODUCTS_DIR; };
		BB9C63B52B5AFE290022AC4F /* README.md */ = {isa = PBXFileReference; fileEncoding = 4; lastKnownFileType = net.daringfireball.markdown; path = README.md; sourceTree = "<group>"; };
		BBC4BE892AED7BBE00D87B60 /* StoreKit.framework */ = {isa = PBXFileReference; lastKnownFileType = wrapper.framework; name = StoreKit.framework; path = System/Library/Frameworks/StoreKit.framework; sourceTree = SDKROOT; };
/* End PBXFileReference section */

/* Begin PBXFileSystemSynchronizedBuildFileExceptionSet section */
		BB4058172E797B9D00450C43 /* PBXFileSystemSynchronizedBuildFileExceptionSet */ = {
			isa = PBXFileSystemSynchronizedBuildFileExceptionSet;
			membershipExceptions = (
				Info.plist,
			);
			target = BB4CDD3C28D3C668009A409F /* Productivity Pro */;
		};
/* End PBXFileSystemSynchronizedBuildFileExceptionSet section */

/* Begin PBXFileSystemSynchronizedRootGroup section */
		BB40570B2E79791300450C43 /* Productivity Pro */ = {isa = PBXFileSystemSynchronizedRootGroup; exceptions = (BB4058172E797B9D00450C43 /* PBXFileSystemSynchronizedBuildFileExceptionSet */, ); explicitFileTypes = {}; explicitFolders = (); path = "Productivity Pro"; sourceTree = "<group>"; };
/* End PBXFileSystemSynchronizedRootGroup section */

/* Begin PBXFrameworksBuildPhase section */
		BB4CDD3A28D3C668009A409F /* Frameworks */ = {
			isa = PBXFrameworksBuildPhase;
			buildActionMask = 2147483647;
			files = (
				BB49840A2BC32BCD008D45B0 /* Accelerate.framework in Frameworks */,
				BB06A2EB2BEBAD65007B118A /* RichTextKit in Frameworks */,
				BB4984082BC32BC8008D45B0 /* Metal.framework in Frameworks */,
				BB4055B82E79778100450C43 /* Analytics in Frameworks */,
				BBB569172CFB0C1400B23479 /* MessageKit in Frameworks */,
				BBC4BE952AED8F0A00D87B60 /* StoreKit.framework in Frameworks */,
				BBAA6FA72F4B5754005FE982 /* Codable in Frameworks */,
				BBB3CCA52BEADCB000BDB558 /* SwiftyMarkdown in Frameworks */,
				BBAA6FA42F4B4EC7005FE982 /* View in Frameworks */,
			);
			runOnlyForDeploymentPostprocessing = 0;
		};
/* End PBXFrameworksBuildPhase section */

/* Begin PBXGroup section */
		BB4CDD3428D3C668009A409F = {
			isa = PBXGroup;
			children = (
				BB9C63B52B5AFE290022AC4F /* README.md */,
				BB40570B2E79791300450C43 /* Productivity Pro */,
				BB4CDD3E28D3C668009A409F /* Products */,
				BBC4BE882AED7BBE00D87B60 /* Frameworks */,
			);
			sourceTree = "<group>";
		};
		BB4CDD3E28D3C668009A409F /* Products */ = {
			isa = PBXGroup;
			children = (
				BB4CDD3D28D3C668009A409F /* Productivity Pro.app */,
			);
			name = Products;
			sourceTree = "<group>";
		};
		BBC4BE882AED7BBE00D87B60 /* Frameworks */ = {
			isa = PBXGroup;
			children = (
				BB4984092BC32BCD008D45B0 /* Accelerate.framework */,
				BB4984072BC32BC8008D45B0 /* Metal.framework */,
				BBC4BE892AED7BBE00D87B60 /* StoreKit.framework */,
			);
			name = Frameworks;
			sourceTree = "<group>";
		};
/* End PBXGroup section */

/* Begin PBXNativeTarget section */
		BB4CDD3C28D3C668009A409F /* Productivity Pro */ = {
			isa = PBXNativeTarget;
			buildConfigurationList = BB4CDD4E28D3C66A009A409F /* Build configuration list for PBXNativeTarget "Productivity Pro" */;
			buildPhases = (
				BB4CDD3928D3C668009A409F /* Sources */,
				BB4CDD3A28D3C668009A409F /* Frameworks */,
				BB4CDD3B28D3C668009A409F /* Resources */,
				BB9D74012A56256E0054940A /* Embed Foundation Extensions */,
				BB5A232C2B476DA000F1D1B6 /* Embed App Clips */,
			);
			buildRules = (
			);
			dependencies = (
			);
			fileSystemSynchronizedGroups = (
				BB40570B2E79791300450C43 /* Productivity Pro */,
			);
			name = "Productivity Pro";
			packageProductDependencies = (
				BBB3CCA42BEADCB000BDB558 /* SwiftyMarkdown */,
				BB06A2EA2BEBAD65007B118A /* RichTextKit */,
				BBB569162CFB0C1400B23479 /* MessageKit */,
				BB4055B72E79778100450C43 /* Analytics */,
				BBAA6FA32F4B4EC7005FE982 /* View */,
				BBAA6FA62F4B5754005FE982 /* Codable */,
			);
			productName = "Productivity Pro";
			productReference = BB4CDD3D28D3C668009A409F /* Productivity Pro.app */;
			productType = "com.apple.product-type.application";
		};
/* End PBXNativeTarget section */

/* Begin PBXProject section */
		BB4CDD3528D3C668009A409F /* Project object */ = {
			isa = PBXProject;
			attributes = {
				BuildIndependentTargetsInParallel = 1;
				LastSwiftUpdateCheck = 1520;
				LastUpgradeCheck = 2630;
				ORGANIZATIONNAME = "";
				TargetAttributes = {
					BB4CDD3C28D3C668009A409F = {
						CreatedOnToolsVersion = 14.0;
						LastSwiftMigration = 1430;
					};
				};
			};
			buildConfigurationList = BB4CDD3828D3C668009A409F /* Build configuration list for PBXProject "Productivity Pro" */;
			compatibilityVersion = "Xcode 14.0";
			developmentRegion = de;
			hasScannedForEncodings = 0;
			knownRegions = (
				de,
				en,
				Base,
				es,
			);
			mainGroup = BB4CDD3428D3C668009A409F;
			packageReferences = (
				BBB3CCA32BEADCB000BDB558 /* XCRemoteSwiftPackageReference "SwiftyMarkdown" */,
				BB06A2E92BEBAD65007B118A /* XCRemoteSwiftPackageReference "RichTextKit" */,
				BBB569152CFB0C1400B23479 /* XCRemoteSwiftPackageReference "MessageKit" */,
				BB4055B62E79778100450C43 /* XCRemoteSwiftPackageReference "stoobit-analytics-swift" */,
				BBAA6FA22F4B4EC7005FE982 /* XCRemoteSwiftPackageReference "View" */,
				BBAA6FA52F4B5754005FE982 /* XCRemoteSwiftPackageReference "Codable" */,
			);
			productRefGroup = BB4CDD3E28D3C668009A409F /* Products */;
			projectDirPath = "";
			projectRoot = "";
			targets = (
				BB4CDD3C28D3C668009A409F /* Productivity Pro */,
			);
		};
/* End PBXProject section */

/* Begin PBXResourcesBuildPhase section */
		BB4CDD3B28D3C668009A409F /* Resources */ = {
			isa = PBXResourcesBuildPhase;
			buildActionMask = 2147483647;
			files = (
				BB9C63B62B5AFE2A0022AC4F /* README.md in Resources */,
			);
			runOnlyForDeploymentPostprocessing = 0;
		};
/* End PBXResourcesBuildPhase section */

/* Begin PBXSourcesBuildPhase section */
		BB4CDD3928D3C668009A409F /* Sources */ = {
			isa = PBXSourcesBuildPhase;
			buildActionMask = 2147483647;
			files = (
			);
			runOnlyForDeploymentPostprocessing = 0;
		};
/* End PBXSourcesBuildPhase section */

/* Begin XCBuildConfiguration section */
		BB4CDD4C28D3C66A009A409F /* Debug */ = {
			isa = XCBuildConfiguration;
			buildSettings = {
				ALWAYS_SEARCH_USER_PATHS = NO;
				ASSETCATALOG_COMPILER_GENERATE_SWIFT_ASSET_SYMBOL_EXTENSIONS = YES;
				CLANG_ANALYZER_LOCALIZABILITY_NONLOCALIZED = YES;
				CLANG_ANALYZER_NONNULL = YES;
				CLANG_ANALYZER_NUMBER_OBJECT_CONVERSION = YES_AGGRESSIVE;
				CLANG_CXX_LANGUAGE_STANDARD = "gnu++20";
				CLANG_ENABLE_MODULES = YES;
				CLANG_ENABLE_OBJC_ARC = YES;
				CLANG_ENABLE_OBJC_WEAK = YES;
				CLANG_WARN_BLOCK_CAPTURE_AUTORELEASING = YES;
				CLANG_WARN_BOOL_CONVERSION = YES;
				CLANG_WARN_COMMA = YES;
				CLANG_WARN_CONSTANT_CONVERSION = YES;
				CLANG_WARN_DEPRECATED_OBJC_IMPLEMENTATIONS = YES;
				CLANG_WARN_DIRECT_OBJC_ISA_USAGE = YES_ERROR;
				CLANG_WARN_DOCUMENTATION_COMMENTS = YES;
				CLANG_WARN_EMPTY_BODY = YES;
				CLANG_WARN_ENUM_CONVERSION = YES;
				CLANG_WARN_INFINITE_RECURSION = YES;
				CLANG_WARN_INT_CONVERSION = YES;
				CLANG_WARN_NON_LITERAL_NULL_CONVERSION = YES;
				CLANG_WARN_OBJC_IMPLICIT_RETAIN_SELF = YES;
				CLANG_WARN_OBJC_LITERAL_CONVERSION = YES;
				CLANG_WARN_OBJC_ROOT_CLASS = YES_ERROR;
				CLANG_WARN_QUOTED_INCLUDE_IN_FRAMEWORK_HEADER = YES;
				CLANG_WARN_RANGE_LOOP_ANALYSIS = YES;
				CLANG_WARN_STRICT_PROTOTYPES = YES;
				CLANG_WARN_SUSPICIOUS_MOVE = YES;
				CLANG_WARN_UNGUARDED_AVAILABILITY = YES_AGGRESSIVE;
				CLANG_WARN_UNREACHABLE_CODE = YES;
				CLANG_WARN__DUPLICATE_METHOD_MATCH = YES;
				COPY_PHASE_STRIP = NO;
				DEBUG_INFORMATION_FORMAT = dwarf;
				DEVELOPMENT_TEAM = X8ZDMM9V4U;
				ENABLE_STRICT_OBJC_MSGSEND = YES;
				ENABLE_TESTABILITY = YES;
				ENABLE_USER_SCRIPT_SANDBOXING = YES;
				GCC_C_LANGUAGE_STANDARD = gnu11;
				GCC_DYNAMIC_NO_PIC = NO;
				GCC_NO_COMMON_BLOCKS = YES;
				GCC_OPTIMIZATION_LEVEL = 0;
				GCC_PREPROCESSOR_DEFINITIONS = (
					"DEBUG=1",
					"$(inherited)",
				);
				GCC_WARN_64_TO_32_BIT_CONVERSION = YES;
				GCC_WARN_ABOUT_DEPRECATED_FUNCTIONS = NO;
				GCC_WARN_ABOUT_RETURN_TYPE = YES_ERROR;
				GCC_WARN_UNDECLARED_SELECTOR = YES;
				GCC_WARN_UNINITIALIZED_AUTOS = YES_AGGRESSIVE;
				GCC_WARN_UNUSED_FUNCTION = YES;
				GCC_WARN_UNUSED_VARIABLE = YES;
				IPHONEOS_DEPLOYMENT_TARGET = 17.0;
				MTL_ENABLE_DEBUG_INFO = INCLUDE_SOURCE;
				MTL_FAST_MATH = YES;
				ONLY_ACTIVE_ARCH = YES;
				SDKROOT = iphoneos;
				STRING_CATALOG_GENERATE_SYMBOLS = YES;
				SWIFT_ACTIVE_COMPILATION_CONDITIONS = DEBUG;
				SWIFT_OPTIMIZATION_LEVEL = "-Onone";
			};
			name = Debug;
		};
		BB4CDD4D28D3C66A009A409F /* Release */ = {
			isa = XCBuildConfiguration;
			buildSettings = {
				ALWAYS_SEARCH_USER_PATHS = NO;
				ASSETCATALOG_COMPILER_GENERATE_SWIFT_ASSET_SYMBOL_EXTENSIONS = YES;
				CLANG_ANALYZER_LOCALIZABILITY_NONLOCALIZED = YES;
				CLANG_ANALYZER_NONNULL = YES;
				CLANG_ANALYZER_NUMBER_OBJECT_CONVERSION = YES_AGGRESSIVE;
				CLANG_CXX_LANGUAGE_STANDARD = "gnu++20";
				CLANG_ENABLE_MODULES = YES;
				CLANG_ENABLE_OBJC_ARC = YES;
				CLANG_ENABLE_OBJC_WEAK = YES;
				CLANG_WARN_BLOCK_CAPTURE_AUTORELEASING = YES;
				CLANG_WARN_BOOL_CONVERSION = YES;
				CLANG_WARN_COMMA = YES;
				CLANG_WARN_CONSTANT_CONVERSION = YES;
				CLANG_WARN_DEPRECATED_OBJC_IMPLEMENTATIONS = YES;
				CLANG_WARN_DIRECT_OBJC_ISA_USAGE = YES_ERROR;
				CLANG_WARN_DOCUMENTATION_COMMENTS = YES;
				CLANG_WARN_EMPTY_BODY = YES;
				CLANG_WARN_ENUM_CONVERSION = YES;
				CLANG_WARN_INFINITE_RECURSION = YES;
				CLANG_WARN_INT_CONVERSION = YES;
				CLANG_WARN_NON_LITERAL_NULL_CONVERSION = YES;
				CLANG_WARN_OBJC_IMPLICIT_RETAIN_SELF = YES;
				CLANG_WARN_OBJC_LITERAL_CONVERSION = YES;
				CLANG_WARN_OBJC_ROOT_CLASS = YES_ERROR;
				CLANG_WARN_QUOTED_INCLUDE_IN_FRAMEWORK_HEADER = YES;
				CLANG_WARN_RANGE_LOOP_ANALYSIS = YES;
				CLANG_WARN_STRICT_PROTOTYPES = YES;
				CLANG_WARN_SUSPICIOUS_MOVE = YES;
				CLANG_WARN_UNGUARDED_AVAILABILITY = YES_AGGRESSIVE;
				CLANG_WARN_UNREACHABLE_CODE = YES;
				CLANG_WARN__DUPLICATE_METHOD_MATCH = YES;
				COPY_PHASE_STRIP = NO;
				DEBUG_INFORMATION_FORMAT = "dwarf-with-dsym";
				DEVELOPMENT_TEAM = X8ZDMM9V4U;
				ENABLE_NS_ASSERTIONS = NO;
				ENABLE_STRICT_OBJC_MSGSEND = YES;
				ENABLE_USER_SCRIPT_SANDBOXING = YES;
				GCC_C_LANGUAGE_STANDARD = gnu11;
				GCC_NO_COMMON_BLOCKS = YES;
				GCC_WARN_64_TO_32_BIT_CONVERSION = YES;
				GCC_WARN_ABOUT_DEPRECATED_FUNCTIONS = NO;
				GCC_WARN_ABOUT_RETURN_TYPE = YES_ERROR;
				GCC_WARN_UNDECLARED_SELECTOR = YES;
				GCC_WARN_UNINITIALIZED_AUTOS = YES_AGGRESSIVE;
				GCC_WARN_UNUSED_FUNCTION = YES;
				GCC_WARN_UNUSED_VARIABLE = YES;
				IPHONEOS_DEPLOYMENT_TARGET = 17.0;
				MTL_ENABLE_DEBUG_INFO = NO;
				MTL_FAST_MATH = YES;
				SDKROOT = iphoneos;
				STRING_CATALOG_GENERATE_SYMBOLS = YES;
				SWIFT_COMPILATION_MODE = wholemodule;
				SWIFT_OPTIMIZATION_LEVEL = "-O";
				VALIDATE_PRODUCT = YES;
			};
			name = Release;
		};
		BB4CDD4F28D3C66A009A409F /* Debug */ = {
			isa = XCBuildConfiguration;
			buildSettings = {
				ASSETCATALOG_COMPILER_ALTERNATE_APPICON_NAMES = "OldIcon GreenIcon OrangeIcon MaraIcon";
				ASSETCATALOG_COMPILER_APPICON_NAME = AppIcon;
				ASSETCATALOG_COMPILER_GLOBAL_ACCENT_COLOR_NAME = AccentColor;
				ASSETCATALOG_COMPILER_INCLUDE_ALL_APPICON_ASSETS = YES;
				CLANG_ENABLE_MODULES = YES;
				CODE_SIGN_ENTITLEMENTS = "Productivity Pro/Productivity Pro.entitlements";
				CODE_SIGN_IDENTITY = "Apple Development";
				CODE_SIGN_STYLE = Automatic;
				CURRENT_PROJECT_VERSION = 1;
				ENABLE_APP_SANDBOX = YES;
				ENABLE_FILE_ACCESS_DOWNLOADS_FOLDER = readwrite;
				ENABLE_FILE_ACCESS_PICTURE_FOLDER = readwrite;
				ENABLE_OUTGOING_NETWORK_CONNECTIONS = YES;
				ENABLE_PREVIEWS = YES;
				ENABLE_RESOURCE_ACCESS_CAMERA = YES;
				ENABLE_RESOURCE_ACCESS_PHOTO_LIBRARY = YES;
				ENABLE_RESOURCE_ACCESS_PRINTING = YES;
				ENABLE_USER_SELECTED_FILES = readwrite;
				GENERATE_INFOPLIST_FILE = YES;
				INFOPLIST_FILE = "Productivity Pro/Info.plist";
				INFOPLIST_KEY_CFBundleDisplayName = "Productivity Pro";
				INFOPLIST_KEY_LSApplicationCategoryType = "public.app-category.productivity";
				INFOPLIST_KEY_LSSupportsOpeningDocumentsInPlace = YES;
				INFOPLIST_KEY_NSCameraUsageDescription = "Diese App benötigt Kamerazugriff, um Dokumente zu scannen und Fotos zu deinen Productivity Pro Notizen hinzuzufügen.";
				INFOPLIST_KEY_NSPhotoLibraryUsageDescription = "Diese App benötigt Zugriff auf die Fotobibliothek, um Bilder in deine Productivity Pro Notizen importieren zu können.";
				INFOPLIST_KEY_UILaunchScreen_Generation = YES;
				INFOPLIST_KEY_UILaunchStoryboardName = "Launch Screen.storyboard";
				INFOPLIST_KEY_UISupportedInterfaceOrientations_iPad = "UIInterfaceOrientationPortrait UIInterfaceOrientationPortraitUpsideDown UIInterfaceOrientationLandscapeLeft UIInterfaceOrientationLandscapeRight";
				INFOPLIST_KEY_UISupportedInterfaceOrientations_iPhone = "UIInterfaceOrientationPortrait UIInterfaceOrientationLandscapeLeft UIInterfaceOrientationLandscapeRight";
				INFOPLIST_KEY_UISupportsDocumentBrowser = YES;
				IPHONEOS_DEPLOYMENT_TARGET = 26.0;
				LD_RUNPATH_SEARCH_PATHS = (
					"$(inherited)",
					"@executable_path/Frameworks",
				);
				MACOSX_DEPLOYMENT_TARGET = 14.0;
				MARKETING_VERSION = 3;
				OTHER_LDFLAGS = "";
				PRODUCT_BUNDLE_IDENTIFIER = com.stoobit.ProductivityPro;
				PRODUCT_NAME = "$(TARGET_NAME)";
				PROVISIONING_PROFILE_SPECIFIER = "";
				SUPPORTED_PLATFORMS = "iphoneos iphonesimulator";
				SUPPORTS_MACCATALYST = NO;
				SUPPORTS_MAC_DESIGNED_FOR_IPHONE_IPAD = YES;
				SUPPORTS_XR_DESIGNED_FOR_IPHONE_IPAD = NO;
				SWIFT_EMIT_LOC_STRINGS = YES;
				SWIFT_OPTIMIZATION_LEVEL = "-Onone";
				SWIFT_VERSION = 5.0;
				TARGETED_DEVICE_FAMILY = 2;
			};
			name = Debug;
		};
		BB4CDD5028D3C66A009A409F /* Release */ = {
			isa = XCBuildConfiguration;
			buildSettings = {
				ASSETCATALOG_COMPILER_ALTERNATE_APPICON_NAMES = "OldIcon GreenIcon OrangeIcon MaraIcon";
				ASSETCATALOG_COMPILER_APPICON_NAME = AppIcon;
				ASSETCATALOG_COMPILER_GLOBAL_ACCENT_COLOR_NAME = AccentColor;
				ASSETCATALOG_COMPILER_INCLUDE_ALL_APPICON_ASSETS = YES;
				CLANG_ENABLE_MODULES = YES;
				CODE_SIGN_ENTITLEMENTS = "Productivity Pro/Productivity Pro.entitlements";
				CODE_SIGN_IDENTITY = "Apple Development";
				CODE_SIGN_STYLE = Automatic;
				CURRENT_PROJECT_VERSION = 1;
				ENABLE_APP_SANDBOX = YES;
				ENABLE_FILE_ACCESS_DOWNLOADS_FOLDER = readwrite;
				ENABLE_FILE_ACCESS_PICTURE_FOLDER = readwrite;
				ENABLE_OUTGOING_NETWORK_CONNECTIONS = YES;
				ENABLE_PREVIEWS = YES;
				ENABLE_RESOURCE_ACCESS_CAMERA = YES;
				ENABLE_RESOURCE_ACCESS_PHOTO_LIBRARY = YES;
				ENABLE_RESOURCE_ACCESS_PRINTING = YES;
				ENABLE_USER_SELECTED_FILES = readwrite;
				GENERATE_INFOPLIST_FILE = YES;
				INFOPLIST_FILE = "Productivity Pro/Info.plist";
				INFOPLIST_KEY_CFBundleDisplayName = "Productivity Pro";
				INFOPLIST_KEY_LSApplicationCategoryType = "public.app-category.productivity";
				INFOPLIST_KEY_LSSupportsOpeningDocumentsInPlace = YES;
				INFOPLIST_KEY_NSCameraUsageDescription = "Diese App benötigt Kamerazugriff, um Dokumente zu scannen und Fotos zu deinen Productivity Pro Notizen hinzuzufügen.";
				INFOPLIST_KEY_NSPhotoLibraryUsageDescription = "Diese App benötigt Zugriff auf die Fotobibliothek, um Bilder in deine Productivity Pro Notizen importieren zu können.";
				INFOPLIST_KEY_UILaunchScreen_Generation = YES;
				INFOPLIST_KEY_UILaunchStoryboardName = "Launch Screen.storyboard";
				INFOPLIST_KEY_UISupportedInterfaceOrientations_iPad = "UIInterfaceOrientationPortrait UIInterfaceOrientationPortraitUpsideDown UIInterfaceOrientationLandscapeLeft UIInterfaceOrientationLandscapeRight";
				INFOPLIST_KEY_UISupportedInterfaceOrientations_iPhone = "UIInterfaceOrientationPortrait UIInterfaceOrientationLandscapeLeft UIInterfaceOrientationLandscapeRight";
				INFOPLIST_KEY_UISupportsDocumentBrowser = YES;
				IPHONEOS_DEPLOYMENT_TARGET = 26.0;
				LD_RUNPATH_SEARCH_PATHS = (
					"$(inherited)",
					"@executable_path/Frameworks",
				);
				MACOSX_DEPLOYMENT_TARGET = 14.0;
				MARKETING_VERSION = 3;
				OTHER_LDFLAGS = "";
				PRODUCT_BUNDLE_IDENTIFIER = com.stoobit.ProductivityPro;
				PRODUCT_NAME = "$(TARGET_NAME)";
				PROVISIONING_PROFILE_SPECIFIER = "";
				SUPPORTED_PLATFORMS = "iphoneos iphonesimulator";
				SUPPORTS_MACCATALYST = NO;
				SUPPORTS_MAC_DESIGNED_FOR_IPHONE_IPAD = YES;
				SUPPORTS_XR_DESIGNED_FOR_IPHONE_IPAD = NO;
				SWIFT_EMIT_LOC_STRINGS = YES;
				SWIFT_VERSION = 5.0;
				TARGETED_DEVICE_FAMILY = 2;
			};
			name = Release;
		};
/* End XCBuildConfiguration section */

/* Begin XCConfigurationList section */
		BB4CDD3828D3C668009A409F /* Build configuration list for PBXProject "Productivity Pro" */ = {
			isa = XCConfigurationList;
			buildConfigurations = (
				BB4CDD4C28D3C66A009A409F /* Debug */,
				BB4CDD4D28D3C66A009A409F /* Release */,
			);
			defaultConfigurationIsVisible = 0;
			defaultConfigurationName = Release;
		};
		BB4CDD4E28D3C66A009A409F /* Build configuration list for PBXNativeTarget "Productivity Pro" */ = {
			isa = XCConfigurationList;
			buildConfigurations = (
				BB4CDD4F28D3C66A009A409F /* Debug */,
				BB4CDD5028D3C66A009A409F /* Release */,
			);
			defaultConfigurationIsVisible = 0;
			defaultConfigurationName = Release;
		};
/* End XCConfigurationList section */

/* Begin XCRemoteSwiftPackageReference section */
		BB06A2E92BEBAD65007B118A /* XCRemoteSwiftPackageReference "RichTextKit" */ = {
			isa = XCRemoteSwiftPackageReference;
			repositoryURL = "https://github.com/danielsaidi/RichTextKit";
			requirement = {
				kind = upToNextMajorVersion;
				minimumVersion = 1.0.0;
			};
		};
		BB4055B62E79778100450C43 /* XCRemoteSwiftPackageReference "stoobit-analytics-swift" */ = {
			isa = XCRemoteSwiftPackageReference;
			repositoryURL = "https://github.com/stoobit-analytics/stoobit-analytics-swift";
			requirement = {
				kind = upToNextMajorVersion;
				minimumVersion = 2.0.7;
			};
		};
		BBAA6FA22F4B4EC7005FE982 /* XCRemoteSwiftPackageReference "View" */ = {
			isa = XCRemoteSwiftPackageReference;
			repositoryURL = "https://github.com/stoobit/View";
			requirement = {
				branch = main;
				kind = branch;
			};
		};
		BBAA6FA52F4B5754005FE982 /* XCRemoteSwiftPackageReference "Codable" */ = {
			isa = XCRemoteSwiftPackageReference;
			repositoryURL = "https://github.com/stoobit/Codable";
			requirement = {
				branch = main;
				kind = branch;
			};
		};
		BBB3CCA32BEADCB000BDB558 /* XCRemoteSwiftPackageReference "SwiftyMarkdown" */ = {
			isa = XCRemoteSwiftPackageReference;
			repositoryURL = "https://github.com/SimonFairbairn/SwiftyMarkdown";
			requirement = {
				kind = upToNextMajorVersion;
				minimumVersion = 1.2.4;
			};
		};
		BBB569152CFB0C1400B23479 /* XCRemoteSwiftPackageReference "MessageKit" */ = {
			isa = XCRemoteSwiftPackageReference;
			repositoryURL = "https://github.com/MessageKit/MessageKit";
			requirement = {
				kind = upToNextMajorVersion;
				minimumVersion = 4.3.0;
			};
		};
/* End XCRemoteSwiftPackageReference section */

/* Begin XCSwiftPackageProductDependency section */
		BB06A2EA2BEBAD65007B118A /* RichTextKit */ = {
			isa = XCSwiftPackageProductDependency;
			package = BB06A2E92BEBAD65007B118A /* XCRemoteSwiftPackageReference "RichTextKit" */;
			productName = RichTextKit;
		};
		BB4055B72E79778100450C43 /* Analytics */ = {
			isa = XCSwiftPackageProductDependency;
			package = BB4055B62E79778100450C43 /* XCRemoteSwiftPackageReference "stoobit-analytics-swift" */;
			productName = Analytics;
		};
		BBAA6FA32F4B4EC7005FE982 /* View */ = {
			isa = XCSwiftPackageProductDependency;
			package = BBAA6FA22F4B4EC7005FE982 /* XCRemoteSwiftPackageReference "View" */;
			productName = View;
		};
		BBAA6FA62F4B5754005FE982 /* Codable */ = {
			isa = XCSwiftPackageProductDependency;
			package = BBAA6FA52F4B5754005FE982 /* XCRemoteSwiftPackageReference "Codable" */;
			productName = Codable;
		};
		BBB3CCA42BEADCB000BDB558 /* SwiftyMarkdown */ = {
			isa = XCSwiftPackageProductDependency;
			package = BBB3CCA32BEADCB000BDB558 /* XCRemoteSwiftPackageReference "SwiftyMarkdown" */;
			productName = SwiftyMarkdown;
		};
		BBB569162CFB0C1400B23479 /* MessageKit */ = {
			isa = XCSwiftPackageProductDependency;
			package = BBB569152CFB0C1400B23479 /* XCRemoteSwiftPackageReference "MessageKit" */;
			productName = MessageKit;
		};
/* End XCSwiftPackageProductDependency section */
	};
	rootObject = BB4CDD3528D3C668009A409F /* Project object */;
}
